<?xml version="1.0" encoding="utf-8"?>
<Project ToolsVersion="4.0" xmlns="http://schemas.microsoft.com/developer/msbuild/2003">
  <ItemGroup>
    <Filter Include="Source Files">
      <Extensions>cpp;c;cc;cxx;def;odl;idl;hpj;bat;asm;asmx;*</Extensions>
      <UniqueIdentifier>{FB961D01-AF9A-46AA-AE99-556D9A0979D8}</UniqueIdentifier>
    </Filter>
    <Filter Include="Header Files">
      <Extensions>h;hpp;hxx;hm;inl;inc;xsd</Extensions>
      <UniqueIdentifier>{DA4FCFD9-790E-49B1-82C3-1684ACEC1798}</UniqueIdentifier>
    </Filter>
    <Filter Include="Resource Files">
      <Extensions>rc;ico;cur;bmp;dlg;rc2;rct;bin;rgs;gif;jpg;jpeg;jpe;resx;tiff;tif;png;wav;mfcribbon-ms;man;xml</Extensions>
      <UniqueIdentifier>{0407E21B-EBF3-461D-8381-E5D3A2C14FDD}</UniqueIdentifier>
    </Filter>
  </ItemGroup>
  <ItemGroup>
    <ClCompile Include="access.c">
      <Filter>Source Files</Filter>
    </ClCompile>
    <ClCompile Include="cleanup.c">
      <Filter>Source Files</Filter>
    </ClCompile>
    <ClCompile Include="close.c">
      <Filter>Source Files</Filter>
    </ClCompile>
    <ClCompile Include="create.c">
      <Filter>Source Files</Filter>
    </ClCompile>
    <ClCompile Include="directory.c">
      <Filter>Source Files</Filter>
    </ClCompile>
    <ClCompile Include="dokan.c">
      <Filter>Source Files</Filter>
    </ClCompile>
    <ClCompile Include="fileinfo.c">
      <Filter>Source Files</Filter>
    </ClCompile>
    <ClCompile Include="flush.c">
      <Filter>Source Files</Filter>
    </ClCompile>
    <ClCompile Include="lock.c">
      <Filter>Source Files</Filter>
    </ClCompile>
    <ClCompile Include="mount.c">
      <Filter>Source Files</Filter>
    </ClCompile>
    <ClCompile Include="read.c">
      <Filter>Source Files</Filter>
    </ClCompile>
    <ClCompile Include="security.c">
      <Filter>Source Files</Filter>
    </ClCompile>
    <ClCompile Include="setfile.c">
      <Filter>Source Files</Filter>
    </ClCompile>
    <ClCompile Include="status.c">
      <Filter>Source Files</Filter>
    </ClCompile>
    <ClCompile Include="timeout.c">
      <Filter>Source Files</Filter>
    </ClCompile>
    <ClCompile Include="version.c">
      <Filter>Source Files</Filter>
    </ClCompile>
    <ClCompile Include="volume.c">
      <Filter>Source Files</Filter>
    </ClCompile>
    <ClCompile Include="write.c">
      <Filter>Source Files</Filter>
    </ClCompile>
  </ItemGroup>
  <ItemGroup>
    <ClInclude Include="dokan.h">
      <Filter>Header Files</Filter>
    </ClInclude>
    <ClInclude Include="dokanc.h">
      <Filter>Header Files</Filter>
    </ClInclude>
    <ClInclude Include="dokani.h">
      <Filter>Header Files</Filter>
    </ClInclude>
    <ClInclude Include="list.h">
      <Filter>Header Files</Filter>
    </ClInclude>
    <ClInclude Include="fileinfo.h">
      <Filter>Header Files</Filter>
    </ClInclude>
  </ItemGroup>
  <ItemGroup>
    <None Include="COPYING" />
    <None Include="COPYING.LESSER" />
    <None Include="dokan.def">
      <Filter>Source Files</Filter>
    </None>
    <None Include="makefile" />
    <None Include="sources" />
  </ItemGroup>
  <ItemGroup>
    <Text Include="readme.ja.txt" />
    <Text Include="readme.txt" />
  </ItemGroup>
</Project>